
Microsoft Visual Studio Solution File, Format Version 12.00
# Visual Studio Version 17
VisualStudioVersion = 17.1.32328.378
MinimumVisualStudioVersion = 10.0.40219.1
Project("{9A19103F-16F7-4668-BE54-9A1E7A4F7556}") = "Data", "Data\Data.csproj", "{94274A0B-775C-4D3B-B404-AFC5DABAB766}"
EndProject
Project("{9A19103F-16F7-4668-BE54-9A1E7A4F7556}") = "Business", "Business\Business.csproj", "{A8242950-083B-4096-8C03-ABECD9AB6963}"
EndProject
Project("{9A19103F-16F7-4668-BE54-9A1E7A4F7556}") = "API", "API\API.csproj", "{25B8F352-4581-482F-851F-D90C508DE1A8}"
EndProject
Project("{FAE04EC0-301F-11D3-BF4B-00C04F79EFBC}") = "AutoScheduling", "AutoScheduling\AutoScheduling.csproj", "{9E5678DA-AD7B-4310-BA1E-881CD4379EFC}"
EndProject
Global
	GlobalSection(SolutionConfigurationPlatforms) = preSolution
		Debug|Any CPU = Debug|Any CPU
		Release|Any CPU = Release|Any CPU
	EndGlobalSection
	GlobalSection(ProjectConfigurationPlatforms) = postSolution
		{94274A0B-775C-4D3B-B404-AFC5DABAB766}.Debug|Any CPU.ActiveCfg = Debug|Any CPU
		{94274A0B-775C-4D3B-B404-AFC5DABAB766}.Debug|Any CPU.Build.0 = Debug|Any CPU
		{94274A0B-775C-4D3B-B404-AFC5DABAB766}.Release|Any CPU.ActiveCfg = Release|Any CPU
		{94274A0B-775C-4D3B-B404-AFC5DABAB766}.Release|Any CPU.Build.0 = Release|Any CPU
		{A8242950-083B-4096-8C03-ABECD9AB6963}.Debug|Any CPU.ActiveCfg = Debug|Any CPU
		{A8242950-083B-4096-8C03-ABECD9AB6963}.Debug|Any CPU.Build.0 = Debug|Any CPU
		{A8242950-083B-4096-8C03-ABECD9AB6963}.Release|Any CPU.ActiveCfg = Release|Any CPU
		{A8242950-083B-4096-8C03-ABECD9AB6963}.Release|Any CPU.Build.0 = Release|Any CPU
		{25B8F352-4581-482F-851F-D90C508DE1A8}.Debug|Any CPU.ActiveCfg = Debug|Any CPU
		{25B8F352-4581-482F-851F-D90C508DE1A8}.Debug|Any CPU.Build.0 = Debug|Any CPU
		{25B8F352-4581-482F-851F-D90C508DE1A8}.Release|Any CPU.ActiveCfg = Release|Any CPU
		{25B8F352-4581-482F-851F-D90C508DE1A8}.Release|Any CPU.Build.0 = Release|Any CPU
		{9E5678DA-AD7B-4310-BA1E-881CD4379EFC}.Debug|Any CPU.ActiveCfg = Debug|Any CPU
		{9E5678DA-AD7B-4310-BA1E-881CD4379EFC}.Debug|Any CPU.Build.0 = Debug|Any CPU
		{9E5678DA-AD7B-4310-BA1E-881CD4379EFC}.Release|Any CPU.ActiveCfg = Release|Any CPU
		{9E5678DA-AD7B-4310-BA1E-881CD4379EFC}.Release|Any CPU.Build.0 = Release|Any CPU
	EndGlobalSection
	GlobalSection(SolutionProperties) = preSolution
		HideSolutionNode = FALSE
	EndGlobalSection
	GlobalSection(ExtensibilityGlobals) = postSolution
		SolutionGuid = {10C49510-B593-43FD-956D-B6305DD9C8EA}
	EndGlobalSection
EndGlobal
